// !$*UTF8*$!
{
	archiveVersion = 1;
	classes = {
	};
	objectVersion = 50;
	objects = {

/* Begin PBXBuildFile section */
		064130EA2423CA36001E83C5 /* AppDelegate.swift in Sources */ = {isa = PBXBuildFile; fileRef = 064130E92423CA36001E83C5 /* AppDelegate.swift */; };
		064130EF2423CA36001E83C5 /* ConcreteMovieApp.xcdatamodeld in Sources */ = {isa = PBXBuildFile; fileRef = 064130ED2423CA36001E83C5 /* ConcreteMovieApp.xcdatamodeld */; };
		064130F32423CA3B001E83C5 /* Assets.xcassets in Resources */ = {isa = PBXBuildFile; fileRef = 064130F22423CA3B001E83C5 /* Assets.xcassets */; };
		064130F62423CA3B001E83C5 /* Preview Assets.xcassets in Resources */ = {isa = PBXBuildFile; fileRef = 064130F52423CA3B001E83C5 /* Preview Assets.xcassets */; };
		064130F92423CA3B001E83C5 /* LaunchScreen.storyboard in Resources */ = {isa = PBXBuildFile; fileRef = 064130F72423CA3B001E83C5 /* LaunchScreen.storyboard */; };
		064131042423CA3B001E83C5 /* ConcreteMovieAppTests.swift in Sources */ = {isa = PBXBuildFile; fileRef = 064131032423CA3B001E83C5 /* ConcreteMovieAppTests.swift */; };
		0641311824240F2C001E83C5 /* Coordinator.swift in Sources */ = {isa = PBXBuildFile; fileRef = 0641311724240F2C001E83C5 /* Coordinator.swift */; };
		0641311A242527A2001E83C5 /* MainCoordinator.swift in Sources */ = {isa = PBXBuildFile; fileRef = 06413119242527A2001E83C5 /* MainCoordinator.swift */; };
		0641311E24252C0F001E83C5 /* BaseTabBarViewController.swift in Sources */ = {isa = PBXBuildFile; fileRef = 0641311D24252C0F001E83C5 /* BaseTabBarViewController.swift */; };
		0641312124252E8B001E83C5 /* Colors.swift in Sources */ = {isa = PBXBuildFile; fileRef = 0641312024252E8B001E83C5 /* Colors.swift */; };
		0641312424252EC2001E83C5 /* UIColor+extension.swift in Sources */ = {isa = PBXBuildFile; fileRef = 0641312324252EC2001E83C5 /* UIColor+extension.swift */; };
		0641312724253BAF001E83C5 /* MoviesListViewController.swift in Sources */ = {isa = PBXBuildFile; fileRef = 0641312624253BAF001E83C5 /* MoviesListViewController.swift */; };
		0641312924253E2B001E83C5 /* UIView+extension.swift in Sources */ = {isa = PBXBuildFile; fileRef = 0641312824253E2B001E83C5 /* UIView+extension.swift */; };
		064131652425A72C001E83C5 /* FavoriteMoviesViewController.swift in Sources */ = {isa = PBXBuildFile; fileRef = 064131642425A72C001E83C5 /* FavoriteMoviesViewController.swift */; };
		064131672425BA5E001E83C5 /* MoviesListCoordinator.swift in Sources */ = {isa = PBXBuildFile; fileRef = 064131662425BA5E001E83C5 /* MoviesListCoordinator.swift */; };
		064131692425C0D3001E83C5 /* FavoriteMoviesCoordinator.swift in Sources */ = {isa = PBXBuildFile; fileRef = 064131682425C0D3001E83C5 /* FavoriteMoviesCoordinator.swift */; };
		0641316B2425C34E001E83C5 /* BaseNavigationController.swift in Sources */ = {isa = PBXBuildFile; fileRef = 0641316A2425C34E001E83C5 /* BaseNavigationController.swift */; };
		064131742426D389001E83C5 /* MoviesListInteractor.swift in Sources */ = {isa = PBXBuildFile; fileRef = 064131732426D389001E83C5 /* MoviesListInteractor.swift */; };
		064131762426D432001E83C5 /* MoviesListPresenter.swift in Sources */ = {isa = PBXBuildFile; fileRef = 064131752426D432001E83C5 /* MoviesListPresenter.swift */; };
		06558A982426EFC700662113 /* MoviesListWorker.swift in Sources */ = {isa = PBXBuildFile; fileRef = 06558A972426EFC700662113 /* MoviesListWorker.swift */; };
		0E1B2B8B421858AF1576EAFE /* Pods_ConcreteMovieAppTests.framework in Frameworks */ = {isa = PBXBuildFile; fileRef = E34D96F36D6774393CD6FC37 /* Pods_ConcreteMovieAppTests.framework */; };
		42A5EB41205A02E0147478A2 /* Pods_ConcreteMovieApp.framework in Frameworks */ = {isa = PBXBuildFile; fileRef = 84AA68F7C88F50822651AD3F /* Pods_ConcreteMovieApp.framework */; };
/* End PBXBuildFile section */

/* Begin PBXContainerItemProxy section */
		064131002423CA3B001E83C5 /* PBXContainerItemProxy */ = {
			isa = PBXContainerItemProxy;
			containerPortal = 064130DE2423CA36001E83C5 /* Project object */;
			proxyType = 1;
			remoteGlobalIDString = 064130E52423CA36001E83C5;
			remoteInfo = ConcreteMovieApp;
		};
/* End PBXContainerItemProxy section */

/* Begin PBXFileReference section */
		064130E62423CA36001E83C5 /* ConcreteMovieApp.app */ = {isa = PBXFileReference; explicitFileType = wrapper.application; includeInIndex = 0; path = ConcreteMovieApp.app; sourceTree = BUILT_PRODUCTS_DIR; };
		064130E92423CA36001E83C5 /* AppDelegate.swift */ = {isa = PBXFileReference; lastKnownFileType = sourcecode.swift; path = AppDelegate.swift; sourceTree = "<group>"; };
		064130EE2423CA36001E83C5 /* ConcreteMovieApp.xcdatamodel */ = {isa = PBXFileReference; lastKnownFileType = wrapper.xcdatamodel; path = ConcreteMovieApp.xcdatamodel; sourceTree = "<group>"; };
		064130F22423CA3B001E83C5 /* Assets.xcassets */ = {isa = PBXFileReference; lastKnownFileType = folder.assetcatalog; path = Assets.xcassets; sourceTree = "<group>"; };
		064130F52423CA3B001E83C5 /* Preview Assets.xcassets */ = {isa = PBXFileReference; lastKnownFileType = folder.assetcatalog; path = "Preview Assets.xcassets"; sourceTree = "<group>"; };
		064130F82423CA3B001E83C5 /* Base */ = {isa = PBXFileReference; lastKnownFileType = file.storyboard; name = Base; path = Base.lproj/LaunchScreen.storyboard; sourceTree = "<group>"; };
		064130FA2423CA3B001E83C5 /* Info.plist */ = {isa = PBXFileReference; lastKnownFileType = text.plist.xml; path = Info.plist; sourceTree = "<group>"; };
		064130FF2423CA3B001E83C5 /* ConcreteMovieAppTests.xctest */ = {isa = PBXFileReference; explicitFileType = wrapper.cfbundle; includeInIndex = 0; path = ConcreteMovieAppTests.xctest; sourceTree = BUILT_PRODUCTS_DIR; };
		064131032423CA3B001E83C5 /* ConcreteMovieAppTests.swift */ = {isa = PBXFileReference; lastKnownFileType = sourcecode.swift; path = ConcreteMovieAppTests.swift; sourceTree = "<group>"; };
		064131052423CA3B001E83C5 /* Info.plist */ = {isa = PBXFileReference; lastKnownFileType = text.plist.xml; path = Info.plist; sourceTree = "<group>"; };
		0641311724240F2C001E83C5 /* Coordinator.swift */ = {isa = PBXFileReference; lastKnownFileType = sourcecode.swift; path = Coordinator.swift; sourceTree = "<group>"; };
		06413119242527A2001E83C5 /* MainCoordinator.swift */ = {isa = PBXFileReference; lastKnownFileType = sourcecode.swift; path = MainCoordinator.swift; sourceTree = "<group>"; };
		0641311D24252C0F001E83C5 /* BaseTabBarViewController.swift */ = {isa = PBXFileReference; lastKnownFileType = sourcecode.swift; path = BaseTabBarViewController.swift; sourceTree = "<group>"; };
		0641312024252E8B001E83C5 /* Colors.swift */ = {isa = PBXFileReference; lastKnownFileType = sourcecode.swift; path = Colors.swift; sourceTree = "<group>"; };
		0641312324252EC2001E83C5 /* UIColor+extension.swift */ = {isa = PBXFileReference; lastKnownFileType = sourcecode.swift; path = "UIColor+extension.swift"; sourceTree = "<group>"; };
		0641312624253BAF001E83C5 /* MoviesListViewController.swift */ = {isa = PBXFileReference; lastKnownFileType = sourcecode.swift; path = MoviesListViewController.swift; sourceTree = "<group>"; };
		0641312824253E2B001E83C5 /* UIView+extension.swift */ = {isa = PBXFileReference; lastKnownFileType = sourcecode.swift; path = "UIView+extension.swift"; sourceTree = "<group>"; };
		064131642425A72C001E83C5 /* FavoriteMoviesViewController.swift */ = {isa = PBXFileReference; lastKnownFileType = sourcecode.swift; path = FavoriteMoviesViewController.swift; sourceTree = "<group>"; };
		064131662425BA5E001E83C5 /* MoviesListCoordinator.swift */ = {isa = PBXFileReference; lastKnownFileType = sourcecode.swift; path = MoviesListCoordinator.swift; sourceTree = "<group>"; };
		064131682425C0D3001E83C5 /* FavoriteMoviesCoordinator.swift */ = {isa = PBXFileReference; lastKnownFileType = sourcecode.swift; path = FavoriteMoviesCoordinator.swift; sourceTree = "<group>"; };
		0641316A2425C34E001E83C5 /* BaseNavigationController.swift */ = {isa = PBXFileReference; lastKnownFileType = sourcecode.swift; path = BaseNavigationController.swift; sourceTree = "<group>"; };
		064131732426D389001E83C5 /* MoviesListInteractor.swift */ = {isa = PBXFileReference; lastKnownFileType = sourcecode.swift; path = MoviesListInteractor.swift; sourceTree = "<group>"; };
		064131752426D432001E83C5 /* MoviesListPresenter.swift */ = {isa = PBXFileReference; lastKnownFileType = sourcecode.swift; path = MoviesListPresenter.swift; sourceTree = "<group>"; };
		06558A972426EFC700662113 /* MoviesListWorker.swift */ = {isa = PBXFileReference; lastKnownFileType = sourcecode.swift; path = MoviesListWorker.swift; sourceTree = "<group>"; };
		50CC70E107296A6517FEBEA4 /* Pods-ConcreteMovieApp.release.xcconfig */ = {isa = PBXFileReference; includeInIndex = 1; lastKnownFileType = text.xcconfig; name = "Pods-ConcreteMovieApp.release.xcconfig"; path = "Target Support Files/Pods-ConcreteMovieApp/Pods-ConcreteMovieApp.release.xcconfig"; sourceTree = "<group>"; };
		5355592197C11B8495AF1B4E /* Pods-ConcreteMovieAppTests.debug.xcconfig */ = {isa = PBXFileReference; includeInIndex = 1; lastKnownFileType = text.xcconfig; name = "Pods-ConcreteMovieAppTests.debug.xcconfig"; path = "Target Support Files/Pods-ConcreteMovieAppTests/Pods-ConcreteMovieAppTests.debug.xcconfig"; sourceTree = "<group>"; };
		84AA68F7C88F50822651AD3F /* Pods_ConcreteMovieApp.framework */ = {isa = PBXFileReference; explicitFileType = wrapper.framework; includeInIndex = 0; path = Pods_ConcreteMovieApp.framework; sourceTree = BUILT_PRODUCTS_DIR; };
		98EF06004F8BC14AD95C6F71 /* Pods-ConcreteMovieApp.debug.xcconfig */ = {isa = PBXFileReference; includeInIndex = 1; lastKnownFileType = text.xcconfig; name = "Pods-ConcreteMovieApp.debug.xcconfig"; path = "Target Support Files/Pods-ConcreteMovieApp/Pods-ConcreteMovieApp.debug.xcconfig"; sourceTree = "<group>"; };
		D1ADA7B8614817C06A8C8B19 /* Pods-ConcreteMovieAppTests.release.xcconfig */ = {isa = PBXFileReference; includeInIndex = 1; lastKnownFileType = text.xcconfig; name = "Pods-ConcreteMovieAppTests.release.xcconfig"; path = "Target Support Files/Pods-ConcreteMovieAppTests/Pods-ConcreteMovieAppTests.release.xcconfig"; sourceTree = "<group>"; };
		E34D96F36D6774393CD6FC37 /* Pods_ConcreteMovieAppTests.framework */ = {isa = PBXFileReference; explicitFileType = wrapper.framework; includeInIndex = 0; path = Pods_ConcreteMovieAppTests.framework; sourceTree = BUILT_PRODUCTS_DIR; };
/* End PBXFileReference section */

/* Begin PBXFrameworksBuildPhase section */
		064130E32423CA36001E83C5 /* Frameworks */ = {
			isa = PBXFrameworksBuildPhase;
			buildActionMask = 2147483647;
			files = (
				42A5EB41205A02E0147478A2 /* Pods_ConcreteMovieApp.framework in Frameworks */,
			);
			runOnlyForDeploymentPostprocessing = 0;
		};
		064130FC2423CA3B001E83C5 /* Frameworks */ = {
			isa = PBXFrameworksBuildPhase;
			buildActionMask = 2147483647;
			files = (
				0E1B2B8B421858AF1576EAFE /* Pods_ConcreteMovieAppTests.framework in Frameworks */,
			);
			runOnlyForDeploymentPostprocessing = 0;
		};
/* End PBXFrameworksBuildPhase section */

/* Begin PBXGroup section */
		064130DD2423CA36001E83C5 = {
			isa = PBXGroup;
			children = (
				064130E82423CA36001E83C5 /* ConcreteMovieApp */,
				064131022423CA3B001E83C5 /* ConcreteMovieAppTests */,
				064130E72423CA36001E83C5 /* Products */,
				9EB1DE2F32A6ED47CF7C6A9B /* Pods */,
				C00059DBEBAC1083B31C4CB2 /* Frameworks */,
			);
			sourceTree = "<group>";
		};
		064130E72423CA36001E83C5 /* Products */ = {
			isa = PBXGroup;
			children = (
				064130E62423CA36001E83C5 /* ConcreteMovieApp.app */,
				064130FF2423CA3B001E83C5 /* ConcreteMovieAppTests.xctest */,
			);
			name = Products;
			sourceTree = "<group>";
		};
		064130E82423CA36001E83C5 /* ConcreteMovieApp */ = {
			isa = PBXGroup;
			children = (
				0641312224252EB0001E83C5 /* Extensions */,
				0641311F24252E64001E83C5 /* BaseResources */,
				0641311624240170001E83C5 /* Coordinator */,
				0641311B24252BDD001E83C5 /* Scenes */,
				064130E92423CA36001E83C5 /* AppDelegate.swift */,
				064130F22423CA3B001E83C5 /* Assets.xcassets */,
				064130F72423CA3B001E83C5 /* LaunchScreen.storyboard */,
				064130FA2423CA3B001E83C5 /* Info.plist */,
				064130ED2423CA36001E83C5 /* ConcreteMovieApp.xcdatamodeld */,
				064130F42423CA3B001E83C5 /* Preview Content */,
			);
			path = ConcreteMovieApp;
			sourceTree = "<group>";
		};
		064130F42423CA3B001E83C5 /* Preview Content */ = {
			isa = PBXGroup;
			children = (
				064130F52423CA3B001E83C5 /* Preview Assets.xcassets */,
			);
			path = "Preview Content";
			sourceTree = "<group>";
		};
		064131022423CA3B001E83C5 /* ConcreteMovieAppTests */ = {
			isa = PBXGroup;
			children = (
				064131032423CA3B001E83C5 /* ConcreteMovieAppTests.swift */,
				064131052423CA3B001E83C5 /* Info.plist */,
			);
			path = ConcreteMovieAppTests;
			sourceTree = "<group>";
		};
		0641311624240170001E83C5 /* Coordinator */ = {
			isa = PBXGroup;
			children = (
				0641311724240F2C001E83C5 /* Coordinator.swift */,
				06413119242527A2001E83C5 /* MainCoordinator.swift */,
				064131662425BA5E001E83C5 /* MoviesListCoordinator.swift */,
				064131682425C0D3001E83C5 /* FavoriteMoviesCoordinator.swift */,
			);
			path = Coordinator;
			sourceTree = "<group>";
		};
		0641311B24252BDD001E83C5 /* Scenes */ = {
			isa = PBXGroup;
			children = (
				0641311C24252BE4001E83C5 /* TabBar */,
				0641312524253B95001E83C5 /* MoviesList */,
				064131632425A478001E83C5 /* FavoriteMovies */,
			);
			path = Scenes;
			sourceTree = "<group>";
		};
		0641311C24252BE4001E83C5 /* TabBar */ = {
			isa = PBXGroup;
			children = (
				0641311D24252C0F001E83C5 /* BaseTabBarViewController.swift */,
			);
			path = TabBar;
			sourceTree = "<group>";
		};
		0641311F24252E64001E83C5 /* BaseResources */ = {
			isa = PBXGroup;
			children = (
				0641312024252E8B001E83C5 /* Colors.swift */,
				0641316A2425C34E001E83C5 /* BaseNavigationController.swift */,
			);
			path = BaseResources;
			sourceTree = "<group>";
		};
		0641312224252EB0001E83C5 /* Extensions */ = {
			isa = PBXGroup;
			children = (
				0641312324252EC2001E83C5 /* UIColor+extension.swift */,
				0641312824253E2B001E83C5 /* UIView+extension.swift */,
			);
			path = Extensions;
			sourceTree = "<group>";
		};
		0641312524253B95001E83C5 /* MoviesList */ = {
			isa = PBXGroup;
			children = (
				0641312624253BAF001E83C5 /* MoviesListViewController.swift */,
				064131732426D389001E83C5 /* MoviesListInteractor.swift */,
				064131752426D432001E83C5 /* MoviesListPresenter.swift */,
				06558A972426EFC700662113 /* MoviesListWorker.swift */,
			);
			path = MoviesList;
			sourceTree = "<group>";
		};
		064131632425A478001E83C5 /* FavoriteMovies */ = {
			isa = PBXGroup;
			children = (
				064131642425A72C001E83C5 /* FavoriteMoviesViewController.swift */,
			);
			path = FavoriteMovies;
			sourceTree = "<group>";
		};
		9EB1DE2F32A6ED47CF7C6A9B /* Pods */ = {
			isa = PBXGroup;
			children = (
				98EF06004F8BC14AD95C6F71 /* Pods-ConcreteMovieApp.debug.xcconfig */,
				50CC70E107296A6517FEBEA4 /* Pods-ConcreteMovieApp.release.xcconfig */,
				5355592197C11B8495AF1B4E /* Pods-ConcreteMovieAppTests.debug.xcconfig */,
				D1ADA7B8614817C06A8C8B19 /* Pods-ConcreteMovieAppTests.release.xcconfig */,
			);
			path = Pods;
			sourceTree = "<group>";
		};
		C00059DBEBAC1083B31C4CB2 /* Frameworks */ = {
			isa = PBXGroup;
			children = (
				84AA68F7C88F50822651AD3F /* Pods_ConcreteMovieApp.framework */,
				E34D96F36D6774393CD6FC37 /* Pods_ConcreteMovieAppTests.framework */,
			);
			name = Frameworks;
			sourceTree = "<group>";
		};
/* End PBXGroup section */

/* Begin PBXNativeTarget section */
		064130E52423CA36001E83C5 /* ConcreteMovieApp */ = {
			isa = PBXNativeTarget;
			buildConfigurationList = 064131082423CA3B001E83C5 /* Build configuration list for PBXNativeTarget "ConcreteMovieApp" */;
			buildPhases = (
				92B1E3F48300A7B66B5CDDB1 /* [CP] Check Pods Manifest.lock */,
				064130E22423CA36001E83C5 /* Sources */,
				064130E32423CA36001E83C5 /* Frameworks */,
				064130E42423CA36001E83C5 /* Resources */,
				A113F5EC24D5497D5748FA5F /* [CP] Embed Pods Frameworks */,
			);
			buildRules = (
			);
			dependencies = (
			);
			name = ConcreteMovieApp;
			productName = ConcreteMovieApp;
			productReference = 064130E62423CA36001E83C5 /* ConcreteMovieApp.app */;
			productType = "com.apple.product-type.application";
		};
		064130FE2423CA3B001E83C5 /* ConcreteMovieAppTests */ = {
			isa = PBXNativeTarget;
			buildConfigurationList = 0641310B2423CA3B001E83C5 /* Build configuration list for PBXNativeTarget "ConcreteMovieAppTests" */;
			buildPhases = (
				5A9EA4AFB17938F6564A199A /* [CP] Check Pods Manifest.lock */,
				064130FB2423CA3B001E83C5 /* Sources */,
				064130FC2423CA3B001E83C5 /* Frameworks */,
				064130FD2423CA3B001E83C5 /* Resources */,
			);
			buildRules = (
			);
			dependencies = (
				064131012423CA3B001E83C5 /* PBXTargetDependency */,
			);
			name = ConcreteMovieAppTests;
			productName = ConcreteMovieAppTests;
			productReference = 064130FF2423CA3B001E83C5 /* ConcreteMovieAppTests.xctest */;
			productType = "com.apple.product-type.bundle.unit-test";
		};
/* End PBXNativeTarget section */

/* Begin PBXProject section */
		064130DE2423CA36001E83C5 /* Project object */ = {
			isa = PBXProject;
			attributes = {
				LastSwiftUpdateCheck = 1130;
				LastUpgradeCheck = 1130;
				ORGANIZATIONNAME = "Wilson Kim";
				TargetAttributes = {
					064130E52423CA36001E83C5 = {
						CreatedOnToolsVersion = 11.3.1;
					};
					064130FE2423CA3B001E83C5 = {
						CreatedOnToolsVersion = 11.3.1;
						TestTargetID = 064130E52423CA36001E83C5;
					};
				};
			};
			buildConfigurationList = 064130E12423CA36001E83C5 /* Build configuration list for PBXProject "ConcreteMovieApp" */;
			compatibilityVersion = "Xcode 9.3";
			developmentRegion = en;
			hasScannedForEncodings = 0;
			knownRegions = (
				en,
				Base,
			);
			mainGroup = 064130DD2423CA36001E83C5;
			productRefGroup = 064130E72423CA36001E83C5 /* Products */;
			projectDirPath = "";
			projectRoot = "";
			targets = (
				064130E52423CA36001E83C5 /* ConcreteMovieApp */,
				064130FE2423CA3B001E83C5 /* ConcreteMovieAppTests */,
			);
		};
/* End PBXProject section */

/* Begin PBXResourcesBuildPhase section */
		064130E42423CA36001E83C5 /* Resources */ = {
			isa = PBXResourcesBuildPhase;
			buildActionMask = 2147483647;
			files = (
				064130F92423CA3B001E83C5 /* LaunchScreen.storyboard in Resources */,
				064130F62423CA3B001E83C5 /* Preview Assets.xcassets in Resources */,
				064130F32423CA3B001E83C5 /* Assets.xcassets in Resources */,
			);
			runOnlyForDeploymentPostprocessing = 0;
		};
		064130FD2423CA3B001E83C5 /* Resources */ = {
			isa = PBXResourcesBuildPhase;
			buildActionMask = 2147483647;
			files = (
			);
			runOnlyForDeploymentPostprocessing = 0;
		};
/* End PBXResourcesBuildPhase section */

/* Begin PBXShellScriptBuildPhase section */
		5A9EA4AFB17938F6564A199A /* [CP] Check Pods Manifest.lock */ = {
			isa = PBXShellScriptBuildPhase;
			buildActionMask = 2147483647;
			files = (
			);
			inputFileListPaths = (
			);
			inputPaths = (
				"${PODS_PODFILE_DIR_PATH}/Podfile.lock",
				"${PODS_ROOT}/Manifest.lock",
			);
			name = "[CP] Check Pods Manifest.lock";
			outputFileListPaths = (
			);
			outputPaths = (
				"$(DERIVED_FILE_DIR)/Pods-ConcreteMovieAppTests-checkManifestLockResult.txt",
			);
			runOnlyForDeploymentPostprocessing = 0;
			shellPath = /bin/sh;
			shellScript = "diff \"${PODS_PODFILE_DIR_PATH}/Podfile.lock\" \"${PODS_ROOT}/Manifest.lock\" > /dev/null\nif [ $? != 0 ] ; then\n    # print error to STDERR\n    echo \"error: The sandbox is not in sync with the Podfile.lock. Run 'pod install' or update your CocoaPods installation.\" >&2\n    exit 1\nfi\n# This output is used by Xcode 'outputs' to avoid re-running this script phase.\necho \"SUCCESS\" > \"${SCRIPT_OUTPUT_FILE_0}\"\n";
			showEnvVarsInLog = 0;
		};
		92B1E3F48300A7B66B5CDDB1 /* [CP] Check Pods Manifest.lock */ = {
			isa = PBXShellScriptBuildPhase;
			buildActionMask = 2147483647;
			files = (
			);
			inputFileListPaths = (
			);
			inputPaths = (
				"${PODS_PODFILE_DIR_PATH}/Podfile.lock",
				"${PODS_ROOT}/Manifest.lock",
			);
			name = "[CP] Check Pods Manifest.lock";
			outputFileListPaths = (
			);
			outputPaths = (
				"$(DERIVED_FILE_DIR)/Pods-ConcreteMovieApp-checkManifestLockResult.txt",
			);
			runOnlyForDeploymentPostprocessing = 0;
			shellPath = /bin/sh;
			shellScript = "diff \"${PODS_PODFILE_DIR_PATH}/Podfile.lock\" \"${PODS_ROOT}/Manifest.lock\" > /dev/null\nif [ $? != 0 ] ; then\n    # print error to STDERR\n    echo \"error: The sandbox is not in sync with the Podfile.lock. Run 'pod install' or update your CocoaPods installation.\" >&2\n    exit 1\nfi\n# This output is used by Xcode 'outputs' to avoid re-running this script phase.\necho \"SUCCESS\" > \"${SCRIPT_OUTPUT_FILE_0}\"\n";
			showEnvVarsInLog = 0;
		};
		A113F5EC24D5497D5748FA5F /* [CP] Embed Pods Frameworks */ = {
			isa = PBXShellScriptBuildPhase;
			buildActionMask = 2147483647;
			files = (
			);
			inputFileListPaths = (
			);
			inputPaths = (
				"${PODS_ROOT}/Target Support Files/Pods-ConcreteMovieApp/Pods-ConcreteMovieApp-frameworks.sh",
				"${BUILT_PRODUCTS_DIR}/Alamofire/Alamofire.framework",
				"${BUILT_PRODUCTS_DIR}/Kingfisher/Kingfisher.framework",
				"${BUILT_PRODUCTS_DIR}/Moya/Moya.framework",
				"${BUILT_PRODUCTS_DIR}/Result/Result.framework",
			);
			name = "[CP] Embed Pods Frameworks";
			outputFileListPaths = (
			);
			outputPaths = (
				"${TARGET_BUILD_DIR}/${FRAMEWORKS_FOLDER_PATH}/Alamofire.framework",
				"${TARGET_BUILD_DIR}/${FRAMEWORKS_FOLDER_PATH}/Kingfisher.framework",
				"${TARGET_BUILD_DIR}/${FRAMEWORKS_FOLDER_PATH}/Moya.framework",
				"${TARGET_BUILD_DIR}/${FRAMEWORKS_FOLDER_PATH}/Result.framework",
			);
			runOnlyForDeploymentPostprocessing = 0;
			shellPath = /bin/sh;
			shellScript = "\"${PODS_ROOT}/Target Support Files/Pods-ConcreteMovieApp/Pods-ConcreteMovieApp-frameworks.sh\"\n";
			showEnvVarsInLog = 0;
		};
/* End PBXShellScriptBuildPhase section */

/* Begin PBXSourcesBuildPhase section */
		064130E22423CA36001E83C5 /* Sources */ = {
			isa = PBXSourcesBuildPhase;
			buildActionMask = 2147483647;
			files = (
				0641316B2425C34E001E83C5 /* BaseNavigationController.swift in Sources */,
				064130EA2423CA36001E83C5 /* AppDelegate.swift in Sources */,
				064131762426D432001E83C5 /* MoviesListPresenter.swift in Sources */,
				0641312124252E8B001E83C5 /* Colors.swift in Sources */,
				064131742426D389001E83C5 /* MoviesListInteractor.swift in Sources */,
				0641311A242527A2001E83C5 /* MainCoordinator.swift in Sources */,
				064131672425BA5E001E83C5 /* MoviesListCoordinator.swift in Sources */,
				0641312924253E2B001E83C5 /* UIView+extension.swift in Sources */,
				0641312424252EC2001E83C5 /* UIColor+extension.swift in Sources */,
				064130EF2423CA36001E83C5 /* ConcreteMovieApp.xcdatamodeld in Sources */,
				06558A982426EFC700662113 /* MoviesListWorker.swift in Sources */,
				0641311E24252C0F001E83C5 /* BaseTabBarViewController.swift in Sources */,
				064131652425A72C001E83C5 /* FavoriteMoviesViewController.swift in Sources */,
				064131692425C0D3001E83C5 /* FavoriteMoviesCoordinator.swift in Sources */,
				0641311824240F2C001E83C5 /* Coordinator.swift in Sources */,
				0641312724253BAF001E83C5 /* MoviesListViewController.swift in Sources */,
			);
			runOnlyForDeploymentPostprocessing = 0;
		};
		064130FB2423CA3B001E83C5 /* Sources */ = {
			isa = PBXSourcesBuildPhase;
			buildActionMask = 2147483647;
			files = (
				064131042423CA3B001E83C5 /* ConcreteMovieAppTests.swift in Sources */,
			);
			runOnlyForDeploymentPostprocessing = 0;
		};
/* End PBXSourcesBuildPhase section */

/* Begin PBXTargetDependency section */
		064131012423CA3B001E83C5 /* PBXTargetDependency */ = {
			isa = PBXTargetDependency;
			target = 064130E52423CA36001E83C5 /* ConcreteMovieApp */;
			targetProxy = 064131002423CA3B001E83C5 /* PBXContainerItemProxy */;
		};
/* End PBXTargetDependency section */

/* Begin PBXVariantGroup section */
		064130F72423CA3B001E83C5 /* LaunchScreen.storyboard */ = {
			isa = PBXVariantGroup;
			children = (
				064130F82423CA3B001E83C5 /* Base */,
			);
			name = LaunchScreen.storyboard;
			sourceTree = "<group>";
		};
/* End PBXVariantGroup section */

/* Begin XCBuildConfiguration section */
		064131062423CA3B001E83C5 /* Debug */ = {
			isa = XCBuildConfiguration;
			buildSettings = {
				ALWAYS_SEARCH_USER_PATHS = NO;
				CLANG_ANALYZER_NONNULL = YES;
				CLANG_ANALYZER_NUMBER_OBJECT_CONVERSION = YES_AGGRESSIVE;
				CLANG_CXX_LANGUAGE_STANDARD = "gnu++14";
				CLANG_CXX_LIBRARY = "libc++";
				CLANG_ENABLE_MODULES = YES;
				CLANG_ENABLE_OBJC_ARC = YES;
				CLANG_ENABLE_OBJC_WEAK = YES;
				CLANG_WARN_BLOCK_CAPTURE_AUTORELEASING = YES;
				CLANG_WARN_BOOL_CONVERSION = YES;
				CLANG_WARN_COMMA = YES;
				CLANG_WARN_CONSTANT_CONVERSION = YES;
				CLANG_WARN_DEPRECATED_OBJC_IMPLEMENTATIONS = YES;
				CLANG_WARN_DIRECT_OBJC_ISA_USAGE = YES_ERROR;
				CLANG_WARN_DOCUMENTATION_COMMENTS = YES;
				CLANG_WARN_EMPTY_BODY = YES;
				CLANG_WARN_ENUM_CONVERSION = YES;
				CLANG_WARN_INFINITE_RECURSION = YES;
				CLANG_WARN_INT_CONVERSION = YES;
				CLANG_WARN_NON_LITERAL_NULL_CONVERSION = YES;
				CLANG_WARN_OBJC_IMPLICIT_RETAIN_SELF = YES;
				CLANG_WARN_OBJC_LITERAL_CONVERSION = YES;
				CLANG_WARN_OBJC_ROOT_CLASS = YES_ERROR;
				CLANG_WARN_RANGE_LOOP_ANALYSIS = YES;
				CLANG_WARN_STRICT_PROTOTYPES = YES;
				CLANG_WARN_SUSPICIOUS_MOVE = YES;
				CLANG_WARN_UNGUARDED_AVAILABILITY = YES_AGGRESSIVE;
				CLANG_WARN_UNREACHABLE_CODE = YES;
				CLANG_WARN__DUPLICATE_METHOD_MATCH = YES;
				COPY_PHASE_STRIP = NO;
				DEBUG_INFORMATION_FORMAT = dwarf;
				ENABLE_STRICT_OBJC_MSGSEND = YES;
				ENABLE_TESTABILITY = YES;
				GCC_C_LANGUAGE_STANDARD = gnu11;
				GCC_DYNAMIC_NO_PIC = NO;
				GCC_NO_COMMON_BLOCKS = YES;
				GCC_OPTIMIZATION_LEVEL = 0;
				GCC_PREPROCESSOR_DEFINITIONS = (
					"DEBUG=1",
					"$(inherited)",
				);
				GCC_WARN_64_TO_32_BIT_CONVERSION = YES;
				GCC_WARN_ABOUT_RETURN_TYPE = YES_ERROR;
				GCC_WARN_UNDECLARED_SELECTOR = YES;
				GCC_WARN_UNINITIALIZED_AUTOS = YES_AGGRESSIVE;
				GCC_WARN_UNUSED_FUNCTION = YES;
				GCC_WARN_UNUSED_VARIABLE = YES;
				IPHONEOS_DEPLOYMENT_TARGET = 11.0;
				MTL_ENABLE_DEBUG_INFO = INCLUDE_SOURCE;
				MTL_FAST_MATH = YES;
				ONLY_ACTIVE_ARCH = YES;
				SDKROOT = iphoneos;
				SWIFT_ACTIVE_COMPILATION_CONDITIONS = DEBUG;
				SWIFT_OPTIMIZATION_LEVEL = "-Onone";
			};
			name = Debug;
		};
		064131072423CA3B001E83C5 /* Release */ = {
			isa = XCBuildConfiguration;
			buildSettings = {
				ALWAYS_SEARCH_USER_PATHS = NO;
				CLANG_ANALYZER_NONNULL = YES;
				CLANG_ANALYZER_NUMBER_OBJECT_CONVERSION = YES_AGGRESSIVE;
				CLANG_CXX_LANGUAGE_STANDARD = "gnu++14";
				CLANG_CXX_LIBRARY = "libc++";
				CLANG_ENABLE_MODULES = YES;
				CLANG_ENABLE_OBJC_ARC = YES;
				CLANG_ENABLE_OBJC_WEAK = YES;
				CLANG_WARN_BLOCK_CAPTURE_AUTORELEASING = YES;
				CLANG_WARN_BOOL_CONVERSION = YES;
				CLANG_WARN_COMMA = YES;
				CLANG_WARN_CONSTANT_CONVERSION = YES;
				CLANG_WARN_DEPRECATED_OBJC_IMPLEMENTATIONS = YES;
				CLANG_WARN_DIRECT_OBJC_ISA_USAGE = YES_ERROR;
				CLANG_WARN_DOCUMENTATION_COMMENTS = YES;
				CLANG_WARN_EMPTY_BODY = YES;
				CLANG_WARN_ENUM_CONVERSION = YES;
				CLANG_WARN_INFINITE_RECURSION = YES;
				CLANG_WARN_INT_CONVERSION = YES;
				CLANG_WARN_NON_LITERAL_NULL_CONVERSION = YES;
				CLANG_WARN_OBJC_IMPLICIT_RETAIN_SELF = YES;
				CLANG_WARN_OBJC_LITERAL_CONVERSION = YES;
				CLANG_WARN_OBJC_ROOT_CLASS = YES_ERROR;
				CLANG_WARN_RANGE_LOOP_ANALYSIS = YES;
				CLANG_WARN_STRICT_PROTOTYPES = YES;
				CLANG_WARN_SUSPICIOUS_MOVE = YES;
				CLANG_WARN_UNGUARDED_AVAILABILITY = YES_AGGRESSIVE;
				CLANG_WARN_UNREACHABLE_CODE = YES;
				CLANG_WARN__DUPLICATE_METHOD_MATCH = YES;
				COPY_PHASE_STRIP = NO;
				DEBUG_INFORMATION_FORMAT = "dwarf-with-dsym";
				ENABLE_NS_ASSERTIONS = NO;
				ENABLE_STRICT_OBJC_MSGSEND = YES;
				GCC_C_LANGUAGE_STANDARD = gnu11;
				GCC_NO_COMMON_BLOCKS = YES;
				GCC_WARN_64_TO_32_BIT_CONVERSION = YES;
				GCC_WARN_ABOUT_RETURN_TYPE = YES_ERROR;
				GCC_WARN_UNDECLARED_SELECTOR = YES;
				GCC_WARN_UNINITIALIZED_AUTOS = YES_AGGRESSIVE;
				GCC_WARN_UNUSED_FUNCTION = YES;
				GCC_WARN_UNUSED_VARIABLE = YES;
				IPHONEOS_DEPLOYMENT_TARGET = 11.0;
				MTL_ENABLE_DEBUG_INFO = NO;
				MTL_FAST_MATH = YES;
				SDKROOT = iphoneos;
				SWIFT_COMPILATION_MODE = wholemodule;
				SWIFT_OPTIMIZATION_LEVEL = "-O";
				VALIDATE_PRODUCT = YES;
			};
			name = Release;
		};
		064131092423CA3B001E83C5 /* Debug */ = {
			isa = XCBuildConfiguration;
			baseConfigurationReference = 98EF06004F8BC14AD95C6F71 /* Pods-ConcreteMovieApp.debug.xcconfig */;
			buildSettings = {
				ASSETCATALOG_COMPILER_APPICON_NAME = AppIcon;
				CODE_SIGN_STYLE = Automatic;
				DEVELOPMENT_ASSET_PATHS = "\"ConcreteMovieApp/Preview Content\"";
				DEVELOPMENT_TEAM = U6YC97J2ZT;
				ENABLE_PREVIEWS = YES;
				INFOPLIST_FILE = ConcreteMovieApp/Info.plist;
				IPHONEOS_DEPLOYMENT_TARGET = 11.0;
				LD_RUNPATH_SEARCH_PATHS = (
					"$(inherited)",
					"@executable_path/Frameworks",
				);
				PRODUCT_BUNDLE_IDENTIFIER = com.atacadapp.ConcreteMovieApp;
				PRODUCT_NAME = "$(TARGET_NAME)";
				SWIFT_VERSION = 5.0;
				TARGETED_DEVICE_FAMILY = 1;
			};
			name = Debug;
		};
		0641310A2423CA3B001E83C5 /* Release */ = {
			isa = XCBuildConfiguration;
			baseConfigurationReference = 50CC70E107296A6517FEBEA4 /* Pods-ConcreteMovieApp.release.xcconfig */;
			buildSettings = {
				ASSETCATALOG_COMPILER_APPICON_NAME = AppIcon;
				CODE_SIGN_STYLE = Automatic;
				DEVELOPMENT_ASSET_PATHS = "\"ConcreteMovieApp/Preview Content\"";
				DEVELOPMENT_TEAM = U6YC97J2ZT;
				ENABLE_PREVIEWS = YES;
				INFOPLIST_FILE = ConcreteMovieApp/Info.plist;
				IPHONEOS_DEPLOYMENT_TARGET = 11.0;
				LD_RUNPATH_SEARCH_PATHS = (
					"$(inherited)",
					"@executable_path/Frameworks",
				);
				PRODUCT_BUNDLE_IDENTIFIER = com.atacadapp.ConcreteMovieApp;
				PRODUCT_NAME = "$(TARGET_NAME)";
				SWIFT_VERSION = 5.0;
				TARGETED_DEVICE_FAMILY = 1;
			};
			name = Release;
		};
		0641310C2423CA3B001E83C5 /* Debug */ = {
			isa = XCBuildConfiguration;
			baseConfigurationReference = 5355592197C11B8495AF1B4E /* Pods-ConcreteMovieAppTests.debug.xcconfig */;
			buildSettings = {
				ALWAYS_EMBED_SWIFT_STANDARD_LIBRARIES = YES;
				BUNDLE_LOADER = "$(TEST_HOST)";
				CODE_SIGN_STYLE = Automatic;
				DEVELOPMENT_TEAM = U6YC97J2ZT;
				INFOPLIST_FILE = ConcreteMovieAppTests/Info.plist;
				IPHONEOS_DEPLOYMENT_TARGET = 13.2;
				LD_RUNPATH_SEARCH_PATHS = (
					"$(inherited)",
					"@executable_path/Frameworks",
					"@loader_path/Frameworks",
				);
				PRODUCT_BUNDLE_IDENTIFIER = com.atacadapp.ConcreteMovieAppTests;
				PRODUCT_NAME = "$(TARGET_NAME)";
				SWIFT_VERSION = 5.0;
				TARGETED_DEVICE_FAMILY = "1,2";
				TEST_HOST = "$(BUILT_PRODUCTS_DIR)/ConcreteMovieApp.app/ConcreteMovieApp";
			};
			name = Debug;
		};
		0641310D2423CA3B001E83C5 /* Release */ = {
			isa = XCBuildConfiguration;
			baseConfigurationReference = D1ADA7B8614817C06A8C8B19 /* Pods-ConcreteMovieAppTests.release.xcconfig */;
			buildSettings = {
				ALWAYS_EMBED_SWIFT_STANDARD_LIBRARIES = YES;
				BUNDLE_LOADER = "$(TEST_HOST)";
				CODE_SIGN_STYLE = Automatic;
				DEVELOPMENT_TEAM = U6YC97J2ZT;
				INFOPLIST_FILE = ConcreteMovieAppTests/Info.plist;
				IPHONEOS_DEPLOYMENT_TARGET = 13.2;
				LD_RUNPATH_SEARCH_PATHS = (
					"$(inherited)",
					"@executable_path/Frameworks",
					"@loader_path/Frameworks",
				);
				PRODUCT_BUNDLE_IDENTIFIER = com.atacadapp.ConcreteMovieAppTests;
				PRODUCT_NAME = "$(TARGET_NAME)";
				SWIFT_VERSION = 5.0;
				TARGETED_DEVICE_FAMILY = "1,2";
				TEST_HOST = "$(BUILT_PRODUCTS_DIR)/ConcreteMovieApp.app/ConcreteMovieApp";
			};
			name = Release;
		};
/* End XCBuildConfiguration section */

/* Begin XCConfigurationList section */
		064130E12423CA36001E83C5 /* Build configuration list for PBXProject "ConcreteMovieApp" */ = {
			isa = XCConfigurationList;
			buildConfigurations = (
				064131062423CA3B001E83C5 /* Debug */,
				064131072423CA3B001E83C5 /* Release */,
			);
			defaultConfigurationIsVisible = 0;
			defaultConfigurationName = Release;
		};
		064131082423CA3B001E83C5 /* Build configuration list for PBXNativeTarget "ConcreteMovieApp" */ = {
			isa = XCConfigurationList;
			buildConfigurations = (
				064131092423CA3B001E83C5 /* Debug */,
				0641310A2423CA3B001E83C5 /* Release */,
			);
			defaultConfigurationIsVisible = 0;
			defaultConfigurationName = Release;
		};
		0641310B2423CA3B001E83C5 /* Build configuration list for PBXNativeTarget "ConcreteMovieAppTests" */ = {
			isa = XCConfigurationList;
			buildConfigurations = (
				0641310C2423CA3B001E83C5 /* Debug */,
				0641310D2423CA3B001E83C5 /* Release */,
			);
			defaultConfigurationIsVisible = 0;
			defaultConfigurationName = Release;
		};
/* End XCConfigurationList section */

/* Begin XCVersionGroup section */
		064130ED2423CA36001E83C5 /* ConcreteMovieApp.xcdatamodeld */ = {
			isa = XCVersionGroup;
			children = (
				064130EE2423CA36001E83C5 /* ConcreteMovieApp.xcdatamodel */,
			);
			currentVersion = 064130EE2423CA36001E83C5 /* ConcreteMovieApp.xcdatamodel */;
			path = ConcreteMovieApp.xcdatamodeld;
			sourceTree = "<group>";
			versionGroupType = wrapper.xcdatamodel;
		};
/* End XCVersionGroup section */
	};
	rootObject = 064130DE2423CA36001E83C5 /* Project object */;
}
